
Microsoft Visual Studio Solution File, Format Version 12.00
# Visual Studio Version 17
VisualStudioVersion = 17.9.34714.143
MinimumVisualStudioVersion = 10.0.40219.1
Project("{FAE04EC0-301F-11D3-BF4B-00C04F79EFBC}") = "QuickStart", "QuickStart\QuickStart.csproj", "{93ED3E24-364E-4243-8EB8-725F7813F8B4}"
EndProject
Global
	GlobalSection(SolutionConfigurationPlatforms) = preSolution
		Debug|Any CPU = Debug|Any CPU
		Release|Any CPU = Release|Any CPU
	EndGlobalSection
	GlobalSection(ProjectConfigurationPlatforms) = postSolution
		{93ED3E24-364E-4243-8EB8-725F7813F8B4}.Debug|Any CPU.ActiveCfg = Debug|Any CPU
		{93ED3E24-364E-4243-8EB8-725F7813F8B4}.Debug|Any CPU.Build.0 = Debug|Any CPU
		{93ED3E24-364E-4243-8EB8-725F7813F8B4}.Release|Any CPU.ActiveCfg = Release|Any CPU
		{93ED3E24-364E-4243-8EB8-725F7813F8B4}.Release|Any CPU.Build.0 = Release|Any CPU
	EndGlobalSection
	GlobalSection(SolutionProperties) = preSolution
		HideSolutionNode = FALSE
	EndGlobalSection
	GlobalSection(ExtensibilityGlobals) = postSolution
		SolutionGuid = {EEBAFDBB-6939-4530-AEF7-E4EF6B6BD3ED}
	EndGlobalSection
EndGlobal
